
Microsoft Visual Studio Solution File, Format Version 12.00
# Visual Studio Version 17
VisualStudioVersion = 17.5.33424.131
MinimumVisualStudioVersion = 10.0.40219.1
Project("{9A19103F-16F7-4668-BE54-9A1E7A4F7556}") = "Api", "Api\Api.csproj", "{FDAA179D-C6BA-4043-BEC0-6A82918D5F43}"
EndProject
Project("{9A19103F-16F7-4668-BE54-9A1E7A4F7556}") = "Application", "Application\Application.csproj", "{90D68801-7896-4C66-A8FB-B4A94083823D}"
EndProject
Project("{9A19103F-16F7-4668-BE54-9A1E7A4F7556}") = "Infrastructure", "Infrastructure\Infrastructure.csproj", "{05B6A5B6-1E7C-4545-A63F-663690ECE41A}"
EndProject
Project("{FAE04EC0-301F-11D3-BF4B-00C04F79EFBC}") = "Domain", "Domain\Domain.csproj", "{18B9CD38-4C5E-4EB8-A5E8-9633F0AB03E8}"
EndProject
Global
	GlobalSection(SolutionConfigurationPlatforms) = preSolution
		Debug|Any CPU = Debug|Any CPU
		Release|Any CPU = Release|Any CPU
	EndGlobalSection
	GlobalSection(ProjectConfigurationPlatforms) = postSolution
		{FDAA179D-C6BA-4043-BEC0-6A82918D5F43}.Debug|Any CPU.ActiveCfg = Debug|Any CPU
		{FDAA179D-C6BA-4043-BEC0-6A82918D5F43}.Debug|Any CPU.Build.0 = Debug|Any CPU
		{FDAA179D-C6BA-4043-BEC0-6A82918D5F43}.Release|Any CPU.ActiveCfg = Release|Any CPU
		{FDAA179D-C6BA-4043-BEC0-6A82918D5F43}.Release|Any CPU.Build.0 = Release|Any CPU
		{90D68801-7896-4C66-A8FB-B4A94083823D}.Debug|Any CPU.ActiveCfg = Debug|Any CPU
		{90D68801-7896-4C66-A8FB-B4A94083823D}.Debug|Any CPU.Build.0 = Debug|Any CPU
		{90D68801-7896-4C66-A8FB-B4A94083823D}.Release|Any CPU.ActiveCfg = Release|Any CPU
		{90D68801-7896-4C66-A8FB-B4A94083823D}.Release|Any CPU.Build.0 = Release|Any CPU
		{05B6A5B6-1E7C-4545-A63F-663690ECE41A}.Debug|Any CPU.ActiveCfg = Debug|Any CPU
		{05B6A5B6-1E7C-4545-A63F-663690ECE41A}.Debug|Any CPU.Build.0 = Debug|Any CPU
		{05B6A5B6-1E7C-4545-A63F-663690ECE41A}.Release|Any CPU.ActiveCfg = Release|Any CPU
		{05B6A5B6-1E7C-4545-A63F-663690ECE41A}.Release|Any CPU.Build.0 = Release|Any CPU
		{18B9CD38-4C5E-4EB8-A5E8-9633F0AB03E8}.Debug|Any CPU.ActiveCfg = Debug|Any CPU
		{18B9CD38-4C5E-4EB8-A5E8-9633F0AB03E8}.Debug|Any CPU.Build.0 = Debug|Any CPU
		{18B9CD38-4C5E-4EB8-A5E8-9633F0AB03E8}.Release|Any CPU.ActiveCfg = Release|Any CPU
		{18B9CD38-4C5E-4EB8-A5E8-9633F0AB03E8}.Release|Any CPU.Build.0 = Release|Any CPU
	EndGlobalSection
	GlobalSection(SolutionProperties) = preSolution
		HideSolutionNode = FALSE
	EndGlobalSection
	GlobalSection(ExtensibilityGlobals) = postSolution
		SolutionGuid = {712DCBA6-228D-460D-9AC8-814DDE55A225}
	EndGlobalSection
EndGlobal
